
Microsoft Visual Studio Solution File, Format Version 12.00
# Visual Studio Version 17
VisualStudioVersion = 17.9.34728.123
MinimumVisualStudioVersion = 10.0.40219.1
Project("{FAE04EC0-301F-11D3-BF4B-00C04F79EFBC}") = "Api", "Api\Api.csproj", "{55737D67-60D9-4AEC-80C6-A1C598E5BE1D}"
EndProject
Project("{FAE04EC0-301F-11D3-BF4B-00C04F79EFBC}") = "Api.Test", "Api.Test\Api.Test.csproj", "{D2771E2F-8017-4FEA-8F89-B32016307EE9}"
EndProject
Global
	GlobalSection(SolutionConfigurationPlatforms) = preSolution
		Debug|Any CPU = Debug|Any CPU
		Release|Any CPU = Release|Any CPU
	EndGlobalSection
	GlobalSection(ProjectConfigurationPlatforms) = postSolution
		{55737D67-60D9-4AEC-80C6-A1C598E5BE1D}.Debug|Any CPU.ActiveCfg = Debug|Any CPU
		{55737D67-60D9-4AEC-80C6-A1C598E5BE1D}.Debug|Any CPU.Build.0 = Debug|Any CPU
		{55737D67-60D9-4AEC-80C6-A1C598E5BE1D}.Release|Any CPU.ActiveCfg = Release|Any CPU
		{55737D67-60D9-4AEC-80C6-A1C598E5BE1D}.Release|Any CPU.Build.0 = Release|Any CPU
		{D2771E2F-8017-4FEA-8F89-B32016307EE9}.Debug|Any CPU.ActiveCfg = Debug|Any CPU
		{D2771E2F-8017-4FEA-8F89-B32016307EE9}.Debug|Any CPU.Build.0 = Debug|Any CPU
		{D2771E2F-8017-4FEA-8F89-B32016307EE9}.Release|Any CPU.ActiveCfg = Release|Any CPU
		{D2771E2F-8017-4FEA-8F89-B32016307EE9}.Release|Any CPU.Build.0 = Release|Any CPU
	EndGlobalSection
	GlobalSection(SolutionProperties) = preSolution
		HideSolutionNode = FALSE
	EndGlobalSection
	GlobalSection(ExtensibilityGlobals) = postSolution
		SolutionGuid = {F8C640C9-AC6B-42A8-9181-F891CD769C42}
	EndGlobalSection
EndGlobal
