
Microsoft Visual Studio Solution File, Format Version 12.00
# Visual Studio Version 17
VisualStudioVersion = 17.9.34728.123
MinimumVisualStudioVersion = 10.0.40219.1
Project("{9A19103F-16F7-4668-BE54-9A1E7A4F7556}") = "User.Api", "User.Api\User.Api.csproj", "{6D53B90A-FF88-4E9C-B355-130C28D40C0B}"
EndProject
Project("{9A19103F-16F7-4668-BE54-9A1E7A4F7556}") = "User.Application", "User.Application\User.Application.csproj", "{6946F140-E654-4CF6-8054-44BC606207D6}"
EndProject
Project("{FAE04EC0-301F-11D3-BF4B-00C04F79EFBC}") = "User.Domain", "User.Domain\User.Domain.csproj", "{6C7E4C77-EF9F-47A4-872E-36F9B68669CF}"
EndProject
Project("{FAE04EC0-301F-11D3-BF4B-00C04F79EFBC}") = "User.Persistence", "User.Persistence\User.Persistence.csproj", "{2E10FF86-7E2F-47AA-9AE5-40C9004A070F}"
EndProject
Global
	GlobalSection(SolutionConfigurationPlatforms) = preSolution
		Debug|Any CPU = Debug|Any CPU
		Release|Any CPU = Release|Any CPU
	EndGlobalSection
	GlobalSection(ProjectConfigurationPlatforms) = postSolution
		{6D53B90A-FF88-4E9C-B355-130C28D40C0B}.Debug|Any CPU.ActiveCfg = Debug|Any CPU
		{6D53B90A-FF88-4E9C-B355-130C28D40C0B}.Debug|Any CPU.Build.0 = Debug|Any CPU
		{6D53B90A-FF88-4E9C-B355-130C28D40C0B}.Release|Any CPU.ActiveCfg = Release|Any CPU
		{6D53B90A-FF88-4E9C-B355-130C28D40C0B}.Release|Any CPU.Build.0 = Release|Any CPU
		{6946F140-E654-4CF6-8054-44BC606207D6}.Debug|Any CPU.ActiveCfg = Debug|Any CPU
		{6946F140-E654-4CF6-8054-44BC606207D6}.Debug|Any CPU.Build.0 = Debug|Any CPU
		{6946F140-E654-4CF6-8054-44BC606207D6}.Release|Any CPU.ActiveCfg = Release|Any CPU
		{6946F140-E654-4CF6-8054-44BC606207D6}.Release|Any CPU.Build.0 = Release|Any CPU
		{6C7E4C77-EF9F-47A4-872E-36F9B68669CF}.Debug|Any CPU.ActiveCfg = Debug|Any CPU
		{6C7E4C77-EF9F-47A4-872E-36F9B68669CF}.Debug|Any CPU.Build.0 = Debug|Any CPU
		{6C7E4C77-EF9F-47A4-872E-36F9B68669CF}.Release|Any CPU.ActiveCfg = Release|Any CPU
		{6C7E4C77-EF9F-47A4-872E-36F9B68669CF}.Release|Any CPU.Build.0 = Release|Any CPU
		{2E10FF86-7E2F-47AA-9AE5-40C9004A070F}.Debug|Any CPU.ActiveCfg = Debug|Any CPU
		{2E10FF86-7E2F-47AA-9AE5-40C9004A070F}.Debug|Any CPU.Build.0 = Debug|Any CPU
		{2E10FF86-7E2F-47AA-9AE5-40C9004A070F}.Release|Any CPU.ActiveCfg = Release|Any CPU
		{2E10FF86-7E2F-47AA-9AE5-40C9004A070F}.Release|Any CPU.Build.0 = Release|Any CPU
	EndGlobalSection
	GlobalSection(SolutionProperties) = preSolution
		HideSolutionNode = FALSE
	EndGlobalSection
	GlobalSection(ExtensibilityGlobals) = postSolution
		SolutionGuid = {F8C640C9-AC6B-42A8-9181-F891CD769C42}
	EndGlobalSection
EndGlobal
