
Microsoft Visual Studio Solution File, Format Version 12.00
# Visual Studio Version 17
VisualStudioVersion = 17.9.34728.123
MinimumVisualStudioVersion = 10.0.40219.1
Project("{9A19103F-16F7-4668-BE54-9A1E7A4F7556}") = "Api", "Api\Api.csproj", "{55737D67-60D9-4AEC-80C6-A1C598E5BE1D}"
EndProject
Project("{9A19103F-16F7-4668-BE54-9A1E7A4F7556}") = "Api.Test", "Api.Test\Api.Test.csproj", "{D2771E2F-8017-4FEA-8F89-B32016307EE9}"
EndProject
Project("{FAE04EC0-301F-11D3-BF4B-00C04F79EFBC}") = "Application", "Application\Application.csproj", "{99A8D634-9554-4CFC-8A60-AA0CC6811AF4}"
EndProject
Project("{FAE04EC0-301F-11D3-BF4B-00C04F79EFBC}") = "Domain", "Domain\Domain.csproj", "{F6B4BE26-9E1A-4D31-A92C-070F21534C41}"
EndProject
Project("{FAE04EC0-301F-11D3-BF4B-00C04F79EFBC}") = "Persistence", "Persistence\Persistence.csproj", "{F74A8D19-2C0E-4ECF-91A0-FA088F11E49A}"
EndProject
Global
	GlobalSection(SolutionConfigurationPlatforms) = preSolution
		Debug|Any CPU = Debug|Any CPU
		Release|Any CPU = Release|Any CPU
	EndGlobalSection
	GlobalSection(ProjectConfigurationPlatforms) = postSolution
		{55737D67-60D9-4AEC-80C6-A1C598E5BE1D}.Debug|Any CPU.ActiveCfg = Debug|Any CPU
		{55737D67-60D9-4AEC-80C6-A1C598E5BE1D}.Debug|Any CPU.Build.0 = Debug|Any CPU
		{55737D67-60D9-4AEC-80C6-A1C598E5BE1D}.Release|Any CPU.ActiveCfg = Release|Any CPU
		{55737D67-60D9-4AEC-80C6-A1C598E5BE1D}.Release|Any CPU.Build.0 = Release|Any CPU
		{D2771E2F-8017-4FEA-8F89-B32016307EE9}.Debug|Any CPU.ActiveCfg = Debug|Any CPU
		{D2771E2F-8017-4FEA-8F89-B32016307EE9}.Debug|Any CPU.Build.0 = Debug|Any CPU
		{D2771E2F-8017-4FEA-8F89-B32016307EE9}.Release|Any CPU.ActiveCfg = Release|Any CPU
		{D2771E2F-8017-4FEA-8F89-B32016307EE9}.Release|Any CPU.Build.0 = Release|Any CPU
		{99A8D634-9554-4CFC-8A60-AA0CC6811AF4}.Debug|Any CPU.ActiveCfg = Debug|Any CPU
		{99A8D634-9554-4CFC-8A60-AA0CC6811AF4}.Debug|Any CPU.Build.0 = Debug|Any CPU
		{99A8D634-9554-4CFC-8A60-AA0CC6811AF4}.Release|Any CPU.ActiveCfg = Release|Any CPU
		{99A8D634-9554-4CFC-8A60-AA0CC6811AF4}.Release|Any CPU.Build.0 = Release|Any CPU
		{F6B4BE26-9E1A-4D31-A92C-070F21534C41}.Debug|Any CPU.ActiveCfg = Debug|Any CPU
		{F6B4BE26-9E1A-4D31-A92C-070F21534C41}.Debug|Any CPU.Build.0 = Debug|Any CPU
		{F6B4BE26-9E1A-4D31-A92C-070F21534C41}.Release|Any CPU.ActiveCfg = Release|Any CPU
		{F6B4BE26-9E1A-4D31-A92C-070F21534C41}.Release|Any CPU.Build.0 = Release|Any CPU
		{F74A8D19-2C0E-4ECF-91A0-FA088F11E49A}.Debug|Any CPU.ActiveCfg = Debug|Any CPU
		{F74A8D19-2C0E-4ECF-91A0-FA088F11E49A}.Debug|Any CPU.Build.0 = Debug|Any CPU
		{F74A8D19-2C0E-4ECF-91A0-FA088F11E49A}.Release|Any CPU.ActiveCfg = Release|Any CPU
		{F74A8D19-2C0E-4ECF-91A0-FA088F11E49A}.Release|Any CPU.Build.0 = Release|Any CPU
	EndGlobalSection
	GlobalSection(SolutionProperties) = preSolution
		HideSolutionNode = FALSE
	EndGlobalSection
	GlobalSection(ExtensibilityGlobals) = postSolution
		SolutionGuid = {F8C640C9-AC6B-42A8-9181-F891CD769C42}
	EndGlobalSection
EndGlobal
